// !$*UTF8*$!
{
	archiveVersion = 1;
	classes = {
	};
	objectVersion = 50;
	objects = {

/* Begin PBXBuildFile section */
		AA7862652321A37E00A63A09 /* AppDelegate.swift in Sources */ = {isa = PBXBuildFile; fileRef = AA7862642321A37E00A63A09 /* AppDelegate.swift */; };
		AA7862672321A37E00A63A09 /* ViewController.swift in Sources */ = {isa = PBXBuildFile; fileRef = AA7862662321A37E00A63A09 /* ViewController.swift */; };
		AA78626A2321A37E00A63A09 /* Main.storyboard in Resources */ = {isa = PBXBuildFile; fileRef = AA7862682321A37E00A63A09 /* Main.storyboard */; };
		AA78626C2321A38000A63A09 /* Assets.xcassets in Resources */ = {isa = PBXBuildFile; fileRef = AA78626B2321A38000A63A09 /* Assets.xcassets */; };
		AA78626F2321A38000A63A09 /* LaunchScreen.storyboard in Resources */ = {isa = PBXBuildFile; fileRef = AA78626D2321A38000A63A09 /* LaunchScreen.storyboard */; };
		AA78627A2321A38000A63A09 /* tercerProyectoTests.swift in Sources */ = {isa = PBXBuildFile; fileRef = AA7862792321A38000A63A09 /* tercerProyectoTests.swift */; };
		AA7862852321A38000A63A09 /* tercerProyectoUITests.swift in Sources */ = {isa = PBXBuildFile; fileRef = AA7862842321A38000A63A09 /* tercerProyectoUITests.swift */; };
/* End PBXBuildFile section */

/* Begin PBXContainerItemProxy section */
		AA7862762321A38000A63A09 /* PBXContainerItemProxy */ = {
			isa = PBXContainerItemProxy;
			containerPortal = AA7862592321A37E00A63A09 /* Project object */;
			proxyType = 1;
			remoteGlobalIDString = AA7862602321A37E00A63A09;
			remoteInfo = tercerProyecto;
		};
		AA7862812321A38000A63A09 /* PBXContainerItemProxy */ = {
			isa = PBXContainerItemProxy;
			containerPortal = AA7862592321A37E00A63A09 /* Project object */;
			proxyType = 1;
			remoteGlobalIDString = AA7862602321A37E00A63A09;
			remoteInfo = tercerProyecto;
		};
/* End PBXContainerItemProxy section */

/* Begin PBXFileReference section */
		AA7862612321A37E00A63A09 /* tercerProyecto.app */ = {isa = PBXFileReference; explicitFileType = wrapper.application; includeInIndex = 0; path = tercerProyecto.app; sourceTree = BUILT_PRODUCTS_DIR; };
		AA7862642321A37E00A63A09 /* AppDelegate.swift */ = {isa = PBXFileReference; lastKnownFileType = sourcecode.swift; path = AppDelegate.swift; sourceTree = "<group>"; };
		AA7862662321A37E00A63A09 /* ViewController.swift */ = {isa = PBXFileReference; lastKnownFileType = sourcecode.swift; path = ViewController.swift; sourceTree = "<group>"; };
		AA7862692321A37E00A63A09 /* Base */ = {isa = PBXFileReference; lastKnownFileType = file.storyboard; name = Base; path = Base.lproj/Main.storyboard; sourceTree = "<group>"; };
		AA78626B2321A38000A63A09 /* Assets.xcassets */ = {isa = PBXFileReference; lastKnownFileType = folder.assetcatalog; path = Assets.xcassets; sourceTree = "<group>"; };
		AA78626E2321A38000A63A09 /* Base */ = {isa = PBXFileReference; lastKnownFileType = file.storyboard; name = Base; path = Base.lproj/LaunchScreen.storyboard; sourceTree = "<group>"; };
		AA7862702321A38000A63A09 /* Info.plist */ = {isa = PBXFileReference; lastKnownFileType = text.plist.xml; path = Info.plist; sourceTree = "<group>"; };
		AA7862752321A38000A63A09 /* tercerProyectoTests.xctest */ = {isa = PBXFileReference; explicitFileType = wrapper.cfbundle; includeInIndex = 0; path = tercerProyectoTests.xctest; sourceTree = BUILT_PRODUCTS_DIR; };
		AA7862792321A38000A63A09 /* tercerProyectoTests.swift */ = {isa = PBXFileReference; lastKnownFileType = sourcecode.swift; path = tercerProyectoTests.swift; sourceTree = "<group>"; };
		AA78627B2321A38000A63A09 /* Info.plist */ = {isa = PBXFileReference; lastKnownFileType = text.plist.xml; path = Info.plist; sourceTree = "<group>"; };
		AA7862802321A38000A63A09 /* tercerProyectoUITests.xctest */ = {isa = PBXFileReference; explicitFileType = wrapper.cfbundle; includeInIndex = 0; path = tercerProyectoUITests.xctest; sourceTree = BUILT_PRODUCTS_DIR; };
		AA7862842321A38000A63A09 /* tercerProyectoUITests.swift */ = {isa = PBXFileReference; lastKnownFileType = sourcecode.swift; path = tercerProyectoUITests.swift; sourceTree = "<group>"; };
		AA7862862321A38000A63A09 /* Info.plist */ = {isa = PBXFileReference; lastKnownFileType = text.plist.xml; path = Info.plist; sourceTree = "<group>"; };
/* End PBXFileReference section */

/* Begin PBXFrameworksBuildPhase section */
		AA78625E2321A37E00A63A09 /* Frameworks */ = {
			isa = PBXFrameworksBuildPhase;
			buildActionMask = 2147483647;
			files = (
			);
			runOnlyForDeploymentPostprocessing = 0;
		};
		AA7862722321A38000A63A09 /* Frameworks */ = {
			isa = PBXFrameworksBuildPhase;
			buildActionMask = 2147483647;
			files = (
			);
			runOnlyForDeploymentPostprocessing = 0;
		};
		AA78627D2321A38000A63A09 /* Frameworks */ = {
			isa = PBXFrameworksBuildPhase;
			buildActionMask = 2147483647;
			files = (
			);
			runOnlyForDeploymentPostprocessing = 0;
		};
/* End PBXFrameworksBuildPhase section */

/* Begin PBXGroup section */
		AA7862582321A37E00A63A09 = {
			isa = PBXGroup;
			children = (
				AA7862632321A37E00A63A09 /* tercerProyecto */,
				AA7862782321A38000A63A09 /* tercerProyectoTests */,
				AA7862832321A38000A63A09 /* tercerProyectoUITests */,
				AA7862622321A37E00A63A09 /* Products */,
			);
			sourceTree = "<group>";
		};
		AA7862622321A37E00A63A09 /* Products */ = {
			isa = PBXGroup;
			children = (
				AA7862612321A37E00A63A09 /* tercerProyecto.app */,
				AA7862752321A38000A63A09 /* tercerProyectoTests.xctest */,
				AA7862802321A38000A63A09 /* tercerProyectoUITests.xctest */,
			);
			name = Products;
			sourceTree = "<group>";
		};
		AA7862632321A37E00A63A09 /* tercerProyecto */ = {
			isa = PBXGroup;
			children = (
				AA7862642321A37E00A63A09 /* AppDelegate.swift */,
				AA7862662321A37E00A63A09 /* ViewController.swift */,
				AA7862682321A37E00A63A09 /* Main.storyboard */,
				AA78626B2321A38000A63A09 /* Assets.xcassets */,
				AA78626D2321A38000A63A09 /* LaunchScreen.storyboard */,
				AA7862702321A38000A63A09 /* Info.plist */,
			);
			path = tercerProyecto;
			sourceTree = "<group>";
		};
		AA7862782321A38000A63A09 /* tercerProyectoTests */ = {
			isa = PBXGroup;
			children = (
				AA7862792321A38000A63A09 /* tercerProyectoTests.swift */,
				AA78627B2321A38000A63A09 /* Info.plist */,
			);
			path = tercerProyectoTests;
			sourceTree = "<group>";
		};
		AA7862832321A38000A63A09 /* tercerProyectoUITests */ = {
			isa = PBXGroup;
			children = (
				AA7862842321A38000A63A09 /* tercerProyectoUITests.swift */,
				AA7862862321A38000A63A09 /* Info.plist */,
			);
			path = tercerProyectoUITests;
			sourceTree = "<group>";
		};
/* End PBXGroup section */

/* Begin PBXNativeTarget section */
		AA7862602321A37E00A63A09 /* tercerProyecto */ = {
			isa = PBXNativeTarget;
			buildConfigurationList = AA7862892321A38000A63A09 /* Build configuration list for PBXNativeTarget "tercerProyecto" */;
			buildPhases = (
				AA78625D2321A37E00A63A09 /* Sources */,
				AA78625E2321A37E00A63A09 /* Frameworks */,
				AA78625F2321A37E00A63A09 /* Resources */,
			);
			buildRules = (
			);
			dependencies = (
			);
			name = tercerProyecto;
			productName = tercerProyecto;
			productReference = AA7862612321A37E00A63A09 /* tercerProyecto.app */;
			productType = "com.apple.product-type.application";
		};
		AA7862742321A38000A63A09 /* tercerProyectoTests */ = {
			isa = PBXNativeTarget;
			buildConfigurationList = AA78628C2321A38000A63A09 /* Build configuration list for PBXNativeTarget "tercerProyectoTests" */;
			buildPhases = (
				AA7862712321A38000A63A09 /* Sources */,
				AA7862722321A38000A63A09 /* Frameworks */,
				AA7862732321A38000A63A09 /* Resources */,
			);
			buildRules = (
			);
			dependencies = (
				AA7862772321A38000A63A09 /* PBXTargetDependency */,
			);
			name = tercerProyectoTests;
			productName = tercerProyectoTests;
			productReference = AA7862752321A38000A63A09 /* tercerProyectoTests.xctest */;
			productType = "com.apple.product-type.bundle.unit-test";
		};
		AA78627F2321A38000A63A09 /* tercerProyectoUITests */ = {
			isa = PBXNativeTarget;
			buildConfigurationList = AA78628F2321A38000A63A09 /* Build configuration list for PBXNativeTarget "tercerProyectoUITests" */;
			buildPhases = (
				AA78627C2321A38000A63A09 /* Sources */,
				AA78627D2321A38000A63A09 /* Frameworks */,
				AA78627E2321A38000A63A09 /* Resources */,
			);
			buildRules = (
			);
			dependencies = (
				AA7862822321A38000A63A09 /* PBXTargetDependency */,
			);
			name = tercerProyectoUITests;
			productName = tercerProyectoUITests;
			productReference = AA7862802321A38000A63A09 /* tercerProyectoUITests.xctest */;
			productType = "com.apple.product-type.bundle.ui-testing";
		};
/* End PBXNativeTarget section */

/* Begin PBXProject section */
		AA7862592321A37E00A63A09 /* Project object */ = {
			isa = PBXProject;
			attributes = {
				LastSwiftUpdateCheck = 1030;
				LastUpgradeCheck = 1030;
				ORGANIZATIONNAME = Servicio;
				TargetAttributes = {
					AA7862602321A37E00A63A09 = {
						CreatedOnToolsVersion = 10.3;
					};
					AA7862742321A38000A63A09 = {
						CreatedOnToolsVersion = 10.3;
						TestTargetID = AA7862602321A37E00A63A09;
					};
					AA78627F2321A38000A63A09 = {
						CreatedOnToolsVersion = 10.3;
						TestTargetID = AA7862602321A37E00A63A09;
					};
				};
			};
			buildConfigurationList = AA78625C2321A37E00A63A09 /* Build configuration list for PBXProject "tercerProyecto" */;
			compatibilityVersion = "Xcode 9.3";
			developmentRegion = en;
			hasScannedForEncodings = 0;
			knownRegions = (
				en,
				Base,
			);
			mainGroup = AA7862582321A37E00A63A09;
			productRefGroup = AA7862622321A37E00A63A09 /* Products */;
			projectDirPath = "";
			projectRoot = "";
			targets = (
				AA7862602321A37E00A63A09 /* tercerProyecto */,
				AA7862742321A38000A63A09 /* tercerProyectoTests */,
				AA78627F2321A38000A63A09 /* tercerProyectoUITests */,
			);
		};
/* End PBXProject section */

/* Begin PBXResourcesBuildPhase section */
		AA78625F2321A37E00A63A09 /* Resources */ = {
			isa = PBXResourcesBuildPhase;
			buildActionMask = 2147483647;
			files = (
				AA78626F2321A38000A63A09 /* LaunchScreen.storyboard in Resources */,
				AA78626C2321A38000A63A09 /* Assets.xcassets in Resources */,
				AA78626A2321A37E00A63A09 /* Main.storyboard in Resources */,
			);
			runOnlyForDeploymentPostprocessing = 0;
		};
		AA7862732321A38000A63A09 /* Resources */ = {
			isa = PBXResourcesBuildPhase;
			buildActionMask = 2147483647;
			files = (
			);
			runOnlyForDeploymentPostprocessing = 0;
		};
		AA78627E2321A38000A63A09 /* Resources */ = {
			isa = PBXResourcesBuildPhase;
			buildActionMask = 2147483647;
			files = (
			);
			runOnlyForDeploymentPostprocessing = 0;
		};
/* End PBXResourcesBuildPhase section */

/* Begin PBXSourcesBuildPhase section */
		AA78625D2321A37E00A63A09 /* Sources */ = {
			isa = PBXSourcesBuildPhase;
			buildActionMask = 2147483647;
			files = (
				AA7862672321A37E00A63A09 /* ViewController.swift in Sources */,
				AA7862652321A37E00A63A09 /* AppDelegate.swift in Sources */,
			);
			runOnlyForDeploymentPostprocessing = 0;
		};
		AA7862712321A38000A63A09 /* Sources */ = {
			isa = PBXSourcesBuildPhase;
			buildActionMask = 2147483647;
			files = (
				AA78627A2321A38000A63A09 /* tercerProyectoTests.swift in Sources */,
			);
			runOnlyForDeploymentPostprocessing = 0;
		};
		AA78627C2321A38000A63A09 /* Sources */ = {
			isa = PBXSourcesBuildPhase;
			buildActionMask = 2147483647;
			files = (
				AA7862852321A38000A63A09 /* tercerProyectoUITests.swift in Sources */,
			);
			runOnlyForDeploymentPostprocessing = 0;
		};
/* End PBXSourcesBuildPhase section */

/* Begin PBXTargetDependency section */
		AA7862772321A38000A63A09 /* PBXTargetDependency */ = {
			isa = PBXTargetDependency;
			target = AA7862602321A37E00A63A09 /* tercerProyecto */;
			targetProxy = AA7862762321A38000A63A09 /* PBXContainerItemProxy */;
		};
		AA7862822321A38000A63A09 /* PBXTargetDependency */ = {
			isa = PBXTargetDependency;
			target = AA7862602321A37E00A63A09 /* tercerProyecto */;
			targetProxy = AA7862812321A38000A63A09 /* PBXContainerItemProxy */;
		};
/* End PBXTargetDependency section */

/* Begin PBXVariantGroup section */
		AA7862682321A37E00A63A09 /* Main.storyboard */ = {
			isa = PBXVariantGroup;
			children = (
				AA7862692321A37E00A63A09 /* Base */,
			);
			name = Main.storyboard;
			sourceTree = "<group>";
		};
		AA78626D2321A38000A63A09 /* LaunchScreen.storyboard */ = {
			isa = PBXVariantGroup;
			children = (
				AA78626E2321A38000A63A09 /* Base */,
			);
			name = LaunchScreen.storyboard;
			sourceTree = "<group>";
		};
/* End PBXVariantGroup section */

/* Begin XCBuildConfiguration section */
		AA7862872321A38000A63A09 /* Debug */ = {
			isa = XCBuildConfiguration;
			buildSettings = {
				ALWAYS_SEARCH_USER_PATHS = NO;
				CLANG_ANALYZER_NONNULL = YES;
				CLANG_ANALYZER_NUMBER_OBJECT_CONVERSION = YES_AGGRESSIVE;
				CLANG_CXX_LANGUAGE_STANDARD = "gnu++14";
				CLANG_CXX_LIBRARY = "libc++";
				CLANG_ENABLE_MODULES = YES;
				CLANG_ENABLE_OBJC_ARC = YES;
				CLANG_ENABLE_OBJC_WEAK = YES;
				CLANG_WARN_BLOCK_CAPTURE_AUTORELEASING = YES;
				CLANG_WARN_BOOL_CONVERSION = YES;
				CLANG_WARN_COMMA = YES;
				CLANG_WARN_CONSTANT_CONVERSION = YES;
				CLANG_WARN_DEPRECATED_OBJC_IMPLEMENTATIONS = YES;
				CLANG_WARN_DIRECT_OBJC_ISA_USAGE = YES_ERROR;
				CLANG_WARN_DOCUMENTATION_COMMENTS = YES;
				CLANG_WARN_EMPTY_BODY = YES;
				CLANG_WARN_ENUM_CONVERSION = YES;
				CLANG_WARN_INFINITE_RECURSION = YES;
				CLANG_WARN_INT_CONVERSION = YES;
				CLANG_WARN_NON_LITERAL_NULL_CONVERSION = YES;
				CLANG_WARN_OBJC_IMPLICIT_RETAIN_SELF = YES;
				CLANG_WARN_OBJC_LITERAL_CONVERSION = YES;
				CLANG_WARN_OBJC_ROOT_CLASS = YES_ERROR;
				CLANG_WARN_RANGE_LOOP_ANALYSIS = YES;
				CLANG_WARN_STRICT_PROTOTYPES = YES;
				CLANG_WARN_SUSPICIOUS_MOVE = YES;
				CLANG_WARN_UNGUARDED_AVAILABILITY = YES_AGGRESSIVE;
				CLANG_WARN_UNREACHABLE_CODE = YES;
				CLANG_WARN__DUPLICATE_METHOD_MATCH = YES;
				CODE_SIGN_IDENTITY = "iPhone Developer";
				COPY_PHASE_STRIP = NO;
				DEBUG_INFORMATION_FORMAT = dwarf;
				ENABLE_STRICT_OBJC_MSGSEND = YES;
				ENABLE_TESTABILITY = YES;
				GCC_C_LANGUAGE_STANDARD = gnu11;
				GCC_DYNAMIC_NO_PIC = NO;
				GCC_NO_COMMON_BLOCKS = YES;
				GCC_OPTIMIZATION_LEVEL = 0;
				GCC_PREPROCESSOR_DEFINITIONS = (
					"DEBUG=1",
					"$(inherited)",
				);
				GCC_WARN_64_TO_32_BIT_CONVERSION = YES;
				GCC_WARN_ABOUT_RETURN_TYPE = YES_ERROR;
				GCC_WARN_UNDECLARED_SELECTOR = YES;
				GCC_WARN_UNINITIALIZED_AUTOS = YES_AGGRESSIVE;
				GCC_WARN_UNUSED_FUNCTION = YES;
				GCC_WARN_UNUSED_VARIABLE = YES;
				IPHONEOS_DEPLOYMENT_TARGET = 12.4;
				MTL_ENABLE_DEBUG_INFO = INCLUDE_SOURCE;
				MTL_FAST_MATH = YES;
				ONLY_ACTIVE_ARCH = YES;
				SDKROOT = iphoneos;
				SWIFT_ACTIVE_COMPILATION_CONDITIONS = DEBUG;
				SWIFT_OPTIMIZATION_LEVEL = "-Onone";
			};
			name = Debug;
		};
		AA7862882321A38000A63A09 /* Release */ = {
			isa = XCBuildConfiguration;
			buildSettings = {
				ALWAYS_SEARCH_USER_PATHS = NO;
				CLANG_ANALYZER_NONNULL = YES;
				CLANG_ANALYZER_NUMBER_OBJECT_CONVERSION = YES_AGGRESSIVE;
				CLANG_CXX_LANGUAGE_STANDARD = "gnu++14";
				CLANG_CXX_LIBRARY = "libc++";
				CLANG_ENABLE_MODULES = YES;
				CLANG_ENABLE_OBJC_ARC = YES;
				CLANG_ENABLE_OBJC_WEAK = YES;
				CLANG_WARN_BLOCK_CAPTURE_AUTORELEASING = YES;
				CLANG_WARN_BOOL_CONVERSION = YES;
				CLANG_WARN_COMMA = YES;
				CLANG_WARN_CONSTANT_CONVERSION = YES;
				CLANG_WARN_DEPRECATED_OBJC_IMPLEMENTATIONS = YES;
				CLANG_WARN_DIRECT_OBJC_ISA_USAGE = YES_ERROR;
				CLANG_WARN_DOCUMENTATION_COMMENTS = YES;
				CLANG_WARN_EMPTY_BODY = YES;
				CLANG_WARN_ENUM_CONVERSION = YES;
				CLANG_WARN_INFINITE_RECURSION = YES;
				CLANG_WARN_INT_CONVERSION = YES;
				CLANG_WARN_NON_LITERAL_NULL_CONVERSION = YES;
				CLANG_WARN_OBJC_IMPLICIT_RETAIN_SELF = YES;
				CLANG_WARN_OBJC_LITERAL_CONVERSION = YES;
				CLANG_WARN_OBJC_ROOT_CLASS = YES_ERROR;
				CLANG_WARN_RANGE_LOOP_ANALYSIS = YES;
				CLANG_WARN_STRICT_PROTOTYPES = YES;
				CLANG_WARN_SUSPICIOUS_MOVE = YES;
				CLANG_WARN_UNGUARDED_AVAILABILITY = YES_AGGRESSIVE;
				CLANG_WARN_UNREACHABLE_CODE = YES;
				CLANG_WARN__DUPLICATE_METHOD_MATCH = YES;
				CODE_SIGN_IDENTITY = "iPhone Developer";
				COPY_PHASE_STRIP = NO;
				DEBUG_INFORMATION_FORMAT = "dwarf-with-dsym";
				ENABLE_NS_ASSERTIONS = NO;
				ENABLE_STRICT_OBJC_MSGSEND = YES;
				GCC_C_LANGUAGE_STANDARD = gnu11;
				GCC_NO_COMMON_BLOCKS = YES;
				GCC_WARN_64_TO_32_BIT_CONVERSION = YES;
				GCC_WARN_ABOUT_RETURN_TYPE = YES_ERROR;
				GCC_WARN_UNDECLARED_SELECTOR = YES;
				GCC_WARN_UNINITIALIZED_AUTOS = YES_AGGRESSIVE;
				GCC_WARN_UNUSED_FUNCTION = YES;
				GCC_WARN_UNUSED_VARIABLE = YES;
				IPHONEOS_DEPLOYMENT_TARGET = 12.4;
				MTL_ENABLE_DEBUG_INFO = NO;
				MTL_FAST_MATH = YES;
				SDKROOT = iphoneos;
				SWIFT_COMPILATION_MODE = wholemodule;
				SWIFT_OPTIMIZATION_LEVEL = "-O";
				VALIDATE_PRODUCT = YES;
			};
			name = Release;
		};
		AA78628A2321A38000A63A09 /* Debug */ = {
			isa = XCBuildConfiguration;
			buildSettings = {
				ASSETCATALOG_COMPILER_APPICON_NAME = AppIcon;
				CODE_SIGN_STYLE = Automatic;
				INFOPLIST_FILE = tercerProyecto/Info.plist;
				LD_RUNPATH_SEARCH_PATHS = (
					"$(inherited)",
					"@executable_path/Frameworks",
				);
				PRODUCT_BUNDLE_IDENTIFIER = unam.mx.tercerProyecto;
				PRODUCT_NAME = "$(TARGET_NAME)";
				SWIFT_VERSION = 5.0;
				TARGETED_DEVICE_FAMILY = "1,2";
			};
			name = Debug;
		};
		AA78628B2321A38000A63A09 /* Release */ = {
			isa = XCBuildConfiguration;
			buildSettings = {
				ASSETCATALOG_COMPILER_APPICON_NAME = AppIcon;
				CODE_SIGN_STYLE = Automatic;
				INFOPLIST_FILE = tercerProyecto/Info.plist;
				LD_RUNPATH_SEARCH_PATHS = (
					"$(inherited)",
					"@executable_path/Frameworks",
				);
				PRODUCT_BUNDLE_IDENTIFIER = unam.mx.tercerProyecto;
				PRODUCT_NAME = "$(TARGET_NAME)";
				SWIFT_VERSION = 5.0;
				TARGETED_DEVICE_FAMILY = "1,2";
			};
			name = Release;
		};
		AA78628D2321A38000A63A09 /* Debug */ = {
			isa = XCBuildConfiguration;
			buildSettings = {
				ALWAYS_EMBED_SWIFT_STANDARD_LIBRARIES = YES;
				BUNDLE_LOADER = "$(TEST_HOST)";
				CODE_SIGN_STYLE = Automatic;
				INFOPLIST_FILE = tercerProyectoTests/Info.plist;
				LD_RUNPATH_SEARCH_PATHS = (
					"$(inherited)",
					"@executable_path/Frameworks",
					"@loader_path/Frameworks",
				);
				PRODUCT_BUNDLE_IDENTIFIER = unam.mx.tercerProyectoTests;
				PRODUCT_NAME = "$(TARGET_NAME)";
				SWIFT_VERSION = 5.0;
				TARGETED_DEVICE_FAMILY = "1,2";
				TEST_HOST = "$(BUILT_PRODUCTS_DIR)/tercerProyecto.app/tercerProyecto";
			};
			name = Debug;
		};
		AA78628E2321A38000A63A09 /* Release */ = {
			isa = XCBuildConfiguration;
			buildSettings = {
				ALWAYS_EMBED_SWIFT_STANDARD_LIBRARIES = YES;
				BUNDLE_LOADER = "$(TEST_HOST)";
				CODE_SIGN_STYLE = Automatic;
				INFOPLIST_FILE = tercerProyectoTests/Info.plist;
				LD_RUNPATH_SEARCH_PATHS = (
					"$(inherited)",
					"@executable_path/Frameworks",
					"@loader_path/Frameworks",
				);
				PRODUCT_BUNDLE_IDENTIFIER = unam.mx.tercerProyectoTests;
				PRODUCT_NAME = "$(TARGET_NAME)";
				SWIFT_VERSION = 5.0;
				TARGETED_DEVICE_FAMILY = "1,2";
				TEST_HOST = "$(BUILT_PRODUCTS_DIR)/tercerProyecto.app/tercerProyecto";
			};
			name = Release;
		};
		AA7862902321A38000A63A09 /* Debug */ = {
			isa = XCBuildConfiguration;
			buildSettings = {
				ALWAYS_EMBED_SWIFT_STANDARD_LIBRARIES = YES;
				CODE_SIGN_STYLE = Automatic;
				INFOPLIST_FILE = tercerProyectoUITests/Info.plist;
				LD_RUNPATH_SEARCH_PATHS = (
					"$(inherited)",
					"@executable_path/Frameworks",
					"@loader_path/Frameworks",
				);
				PRODUCT_BUNDLE_IDENTIFIER = unam.mx.tercerProyectoUITests;
				PRODUCT_NAME = "$(TARGET_NAME)";
				SWIFT_VERSION = 5.0;
				TARGETED_DEVICE_FAMILY = "1,2";
				TEST_TARGET_NAME = tercerProyecto;
			};
			name = Debug;
		};
		AA7862912321A38000A63A09 /* Release */ = {
			isa = XCBuildConfiguration;
			buildSettings = {
				ALWAYS_EMBED_SWIFT_STANDARD_LIBRARIES = YES;
				CODE_SIGN_STYLE = Automatic;
				INFOPLIST_FILE = tercerProyectoUITests/Info.plist;
				LD_RUNPATH_SEARCH_PATHS = (
					"$(inherited)",
					"@executable_path/Frameworks",
					"@loader_path/Frameworks",
				);
				PRODUCT_BUNDLE_IDENTIFIER = unam.mx.tercerProyectoUITests;
				PRODUCT_NAME = "$(TARGET_NAME)";
				SWIFT_VERSION = 5.0;
				TARGETED_DEVICE_FAMILY = "1,2";
				TEST_TARGET_NAME = tercerProyecto;
			};
			name = Release;
		};
/* End XCBuildConfiguration section */

/* Begin XCConfigurationList section */
		AA78625C2321A37E00A63A09 /* Build configuration list for PBXProject "tercerProyecto" */ = {
			isa = XCConfigurationList;
			buildConfigurations = (
				AA7862872321A38000A63A09 /* Debug */,
				AA7862882321A38000A63A09 /* Release */,
			);
			defaultConfigurationIsVisible = 0;
			defaultConfigurationName = Release;
		};
		AA7862892321A38000A63A09 /* Build configuration list for PBXNativeTarget "tercerProyecto" */ = {
			isa = XCConfigurationList;
			buildConfigurations = (
				AA78628A2321A38000A63A09 /* Debug */,
				AA78628B2321A38000A63A09 /* Release */,
			);
			defaultConfigurationIsVisible = 0;
			defaultConfigurationName = Release;
		};
		AA78628C2321A38000A63A09 /* Build configuration list for PBXNativeTarget "tercerProyectoTests" */ = {
			isa = XCConfigurationList;
			buildConfigurations = (
				AA78628D2321A38000A63A09 /* Debug */,
				AA78628E2321A38000A63A09 /* Release */,
			);
			defaultConfigurationIsVisible = 0;
			defaultConfigurationName = Release;
		};
		AA78628F2321A38000A63A09 /* Build configuration list for PBXNativeTarget "tercerProyectoUITests" */ = {
			isa = XCConfigurationList;
			buildConfigurations = (
				AA7862902321A38000A63A09 /* Debug */,
				AA7862912321A38000A63A09 /* Release */,
			);
			defaultConfigurationIsVisible = 0;
			defaultConfigurationName = Release;
		};
/* End XCConfigurationList section */
	};
	rootObject = AA7862592321A37E00A63A09 /* Project object */;
}
